// !$*UTF8*$!
{
	archiveVersion = 1;
	classes = {
	};
	objectVersion = 48;
	objects = {

/* Begin PBXBuildFile section */
		721FAA4221FCDA09007845B8 /* AppDelegate.swift in Sources */ = {isa = PBXBuildFile; fileRef = 721FAA4121FCDA09007845B8 /* AppDelegate.swift */; };
		721FAA4421FCDA09007845B8 /* ViewController.swift in Sources */ = {isa = PBXBuildFile; fileRef = 721FAA4321FCDA09007845B8 /* ViewController.swift */; };
		721FAA4721FCDA09007845B8 /* Main.storyboard in Resources */ = {isa = PBXBuildFile; fileRef = 721FAA4521FCDA09007845B8 /* Main.storyboard */; };
		721FAA4921FCDA09007845B8 /* Assets.xcassets in Resources */ = {isa = PBXBuildFile; fileRef = 721FAA4821FCDA09007845B8 /* Assets.xcassets */; };
		721FAA4C21FCDA09007845B8 /* LaunchScreen.storyboard in Resources */ = {isa = PBXBuildFile; fileRef = 721FAA4A21FCDA09007845B8 /* LaunchScreen.storyboard */; };
		721FAA5721FCDA0A007845B8 /* Multi_Tip_CalculatorTests.swift in Sources */ = {isa = PBXBuildFile; fileRef = 721FAA5621FCDA0A007845B8 /* Multi_Tip_CalculatorTests.swift */; };
		721FAA6221FCDA0A007845B8 /* Multi_Tip_CalculatorUITests.swift in Sources */ = {isa = PBXBuildFile; fileRef = 721FAA6121FCDA0A007845B8 /* Multi_Tip_CalculatorUITests.swift */; };
		72EF3A6821FEBAD800B5A5F8 /* SettingsViewController.swift in Sources */ = {isa = PBXBuildFile; fileRef = 72EF3A6721FEBAD800B5A5F8 /* SettingsViewController.swift */; };
/* End PBXBuildFile section */

/* Begin PBXContainerItemProxy section */
		721FAA5321FCDA0A007845B8 /* PBXContainerItemProxy */ = {
			isa = PBXContainerItemProxy;
			containerPortal = 721FAA3621FCDA09007845B8 /* Project object */;
			proxyType = 1;
			remoteGlobalIDString = 721FAA3D21FCDA09007845B8;
			remoteInfo = "Multi Tip Calculator";
		};
		721FAA5E21FCDA0A007845B8 /* PBXContainerItemProxy */ = {
			isa = PBXContainerItemProxy;
			containerPortal = 721FAA3621FCDA09007845B8 /* Project object */;
			proxyType = 1;
			remoteGlobalIDString = 721FAA3D21FCDA09007845B8;
			remoteInfo = "Multi Tip Calculator";
		};
/* End PBXContainerItemProxy section */

/* Begin PBXFileReference section */
		721FAA3E21FCDA09007845B8 /* Multi Tip Calculator.app */ = {isa = PBXFileReference; explicitFileType = wrapper.application; includeInIndex = 0; path = "Multi Tip Calculator.app"; sourceTree = BUILT_PRODUCTS_DIR; };
		721FAA4121FCDA09007845B8 /* AppDelegate.swift */ = {isa = PBXFileReference; lastKnownFileType = sourcecode.swift; path = AppDelegate.swift; sourceTree = "<group>"; };
		721FAA4321FCDA09007845B8 /* ViewController.swift */ = {isa = PBXFileReference; lastKnownFileType = sourcecode.swift; path = ViewController.swift; sourceTree = "<group>"; };
		721FAA4621FCDA09007845B8 /* Base */ = {isa = PBXFileReference; lastKnownFileType = file.storyboard; name = Base; path = Base.lproj/Main.storyboard; sourceTree = "<group>"; };
		721FAA4821FCDA09007845B8 /* Assets.xcassets */ = {isa = PBXFileReference; lastKnownFileType = folder.assetcatalog; path = Assets.xcassets; sourceTree = "<group>"; };
		721FAA4B21FCDA09007845B8 /* Base */ = {isa = PBXFileReference; lastKnownFileType = file.storyboard; name = Base; path = Base.lproj/LaunchScreen.storyboard; sourceTree = "<group>"; };
		721FAA4D21FCDA09007845B8 /* Info.plist */ = {isa = PBXFileReference; lastKnownFileType = text.plist.xml; path = Info.plist; sourceTree = "<group>"; };
		721FAA5221FCDA0A007845B8 /* Multi Tip CalculatorTests.xctest */ = {isa = PBXFileReference; explicitFileType = wrapper.cfbundle; includeInIndex = 0; path = "Multi Tip CalculatorTests.xctest"; sourceTree = BUILT_PRODUCTS_DIR; };
		721FAA5621FCDA0A007845B8 /* Multi_Tip_CalculatorTests.swift */ = {isa = PBXFileReference; lastKnownFileType = sourcecode.swift; path = Multi_Tip_CalculatorTests.swift; sourceTree = "<group>"; };
		721FAA5821FCDA0A007845B8 /* Info.plist */ = {isa = PBXFileReference; lastKnownFileType = text.plist.xml; path = Info.plist; sourceTree = "<group>"; };
		721FAA5D21FCDA0A007845B8 /* Multi Tip CalculatorUITests.xctest */ = {isa = PBXFileReference; explicitFileType = wrapper.cfbundle; includeInIndex = 0; path = "Multi Tip CalculatorUITests.xctest"; sourceTree = BUILT_PRODUCTS_DIR; };
		721FAA6121FCDA0A007845B8 /* Multi_Tip_CalculatorUITests.swift */ = {isa = PBXFileReference; lastKnownFileType = sourcecode.swift; path = Multi_Tip_CalculatorUITests.swift; sourceTree = "<group>"; };
		721FAA6321FCDA0A007845B8 /* Info.plist */ = {isa = PBXFileReference; lastKnownFileType = text.plist.xml; path = Info.plist; sourceTree = "<group>"; };
		72EF3A6721FEBAD800B5A5F8 /* SettingsViewController.swift */ = {isa = PBXFileReference; lastKnownFileType = sourcecode.swift; path = SettingsViewController.swift; sourceTree = "<group>"; };
/* End PBXFileReference section */

/* Begin PBXFrameworksBuildPhase section */
		721FAA3B21FCDA09007845B8 /* Frameworks */ = {
			isa = PBXFrameworksBuildPhase;
			buildActionMask = 2147483647;
			files = (
			);
			runOnlyForDeploymentPostprocessing = 0;
		};
		721FAA4F21FCDA0A007845B8 /* Frameworks */ = {
			isa = PBXFrameworksBuildPhase;
			buildActionMask = 2147483647;
			files = (
			);
			runOnlyForDeploymentPostprocessing = 0;
		};
		721FAA5A21FCDA0A007845B8 /* Frameworks */ = {
			isa = PBXFrameworksBuildPhase;
			buildActionMask = 2147483647;
			files = (
			);
			runOnlyForDeploymentPostprocessing = 0;
		};
/* End PBXFrameworksBuildPhase section */

/* Begin PBXGroup section */
		721FAA3521FCDA09007845B8 = {
			isa = PBXGroup;
			children = (
				721FAA4021FCDA09007845B8 /* Multi Tip Calculator */,
				721FAA5521FCDA0A007845B8 /* Multi Tip CalculatorTests */,
				721FAA6021FCDA0A007845B8 /* Multi Tip CalculatorUITests */,
				721FAA3F21FCDA09007845B8 /* Products */,
			);
			sourceTree = "<group>";
		};
		721FAA3F21FCDA09007845B8 /* Products */ = {
			isa = PBXGroup;
			children = (
				721FAA3E21FCDA09007845B8 /* Multi Tip Calculator.app */,
				721FAA5221FCDA0A007845B8 /* Multi Tip CalculatorTests.xctest */,
				721FAA5D21FCDA0A007845B8 /* Multi Tip CalculatorUITests.xctest */,
			);
			name = Products;
			sourceTree = "<group>";
		};
		721FAA4021FCDA09007845B8 /* Multi Tip Calculator */ = {
			isa = PBXGroup;
			children = (
				721FAA4121FCDA09007845B8 /* AppDelegate.swift */,
				721FAA4321FCDA09007845B8 /* ViewController.swift */,
				721FAA4521FCDA09007845B8 /* Main.storyboard */,
				72EF3A6721FEBAD800B5A5F8 /* SettingsViewController.swift */,
				721FAA4821FCDA09007845B8 /* Assets.xcassets */,
				721FAA4A21FCDA09007845B8 /* LaunchScreen.storyboard */,
				721FAA4D21FCDA09007845B8 /* Info.plist */,
			);
			path = "Multi Tip Calculator";
			sourceTree = "<group>";
		};
		721FAA5521FCDA0A007845B8 /* Multi Tip CalculatorTests */ = {
			isa = PBXGroup;
			children = (
				721FAA5621FCDA0A007845B8 /* Multi_Tip_CalculatorTests.swift */,
				721FAA5821FCDA0A007845B8 /* Info.plist */,
			);
			path = "Multi Tip CalculatorTests";
			sourceTree = "<group>";
		};
		721FAA6021FCDA0A007845B8 /* Multi Tip CalculatorUITests */ = {
			isa = PBXGroup;
			children = (
				721FAA6121FCDA0A007845B8 /* Multi_Tip_CalculatorUITests.swift */,
				721FAA6321FCDA0A007845B8 /* Info.plist */,
			);
			path = "Multi Tip CalculatorUITests";
			sourceTree = "<group>";
		};
/* End PBXGroup section */

/* Begin PBXNativeTarget section */
		721FAA3D21FCDA09007845B8 /* Multi Tip Calculator */ = {
			isa = PBXNativeTarget;
			buildConfigurationList = 721FAA6621FCDA0A007845B8 /* Build configuration list for PBXNativeTarget "Multi Tip Calculator" */;
			buildPhases = (
				721FAA3A21FCDA09007845B8 /* Sources */,
				721FAA3B21FCDA09007845B8 /* Frameworks */,
				721FAA3C21FCDA09007845B8 /* Resources */,
			);
			buildRules = (
			);
			dependencies = (
			);
			name = "Multi Tip Calculator";
			productName = "Multi Tip Calculator";
			productReference = 721FAA3E21FCDA09007845B8 /* Multi Tip Calculator.app */;
			productType = "com.apple.product-type.application";
		};
		721FAA5121FCDA0A007845B8 /* Multi Tip CalculatorTests */ = {
			isa = PBXNativeTarget;
			buildConfigurationList = 721FAA6921FCDA0A007845B8 /* Build configuration list for PBXNativeTarget "Multi Tip CalculatorTests" */;
			buildPhases = (
				721FAA4E21FCDA0A007845B8 /* Sources */,
				721FAA4F21FCDA0A007845B8 /* Frameworks */,
				721FAA5021FCDA0A007845B8 /* Resources */,
			);
			buildRules = (
			);
			dependencies = (
				721FAA5421FCDA0A007845B8 /* PBXTargetDependency */,
			);
			name = "Multi Tip CalculatorTests";
			productName = "Multi Tip CalculatorTests";
			productReference = 721FAA5221FCDA0A007845B8 /* Multi Tip CalculatorTests.xctest */;
			productType = "com.apple.product-type.bundle.unit-test";
		};
		721FAA5C21FCDA0A007845B8 /* Multi Tip CalculatorUITests */ = {
			isa = PBXNativeTarget;
			buildConfigurationList = 721FAA6C21FCDA0A007845B8 /* Build configuration list for PBXNativeTarget "Multi Tip CalculatorUITests" */;
			buildPhases = (
				721FAA5921FCDA0A007845B8 /* Sources */,
				721FAA5A21FCDA0A007845B8 /* Frameworks */,
				721FAA5B21FCDA0A007845B8 /* Resources */,
			);
			buildRules = (
			);
			dependencies = (
				721FAA5F21FCDA0A007845B8 /* PBXTargetDependency */,
			);
			name = "Multi Tip CalculatorUITests";
			productName = "Multi Tip CalculatorUITests";
			productReference = 721FAA5D21FCDA0A007845B8 /* Multi Tip CalculatorUITests.xctest */;
			productType = "com.apple.product-type.bundle.ui-testing";
		};
/* End PBXNativeTarget section */

/* Begin PBXProject section */
		721FAA3621FCDA09007845B8 /* Project object */ = {
			isa = PBXProject;
			attributes = {
				LastSwiftUpdateCheck = 0920;
				LastUpgradeCheck = 0920;
				ORGANIZATIONNAME = "Sovreign-Ariel McCarthy";
				TargetAttributes = {
					721FAA3D21FCDA09007845B8 = {
						CreatedOnToolsVersion = 9.2;
						ProvisioningStyle = Automatic;
					};
					721FAA5121FCDA0A007845B8 = {
						CreatedOnToolsVersion = 9.2;
						ProvisioningStyle = Automatic;
						TestTargetID = 721FAA3D21FCDA09007845B8;
					};
					721FAA5C21FCDA0A007845B8 = {
						CreatedOnToolsVersion = 9.2;
						ProvisioningStyle = Automatic;
						TestTargetID = 721FAA3D21FCDA09007845B8;
					};
				};
			};
			buildConfigurationList = 721FAA3921FCDA09007845B8 /* Build configuration list for PBXProject "Multi Tip Calculator" */;
			compatibilityVersion = "Xcode 8.0";
			developmentRegion = en;
			hasScannedForEncodings = 0;
			knownRegions = (
				en,
				Base,
			);
			mainGroup = 721FAA3521FCDA09007845B8;
			productRefGroup = 721FAA3F21FCDA09007845B8 /* Products */;
			projectDirPath = "";
			projectRoot = "";
			targets = (
				721FAA3D21FCDA09007845B8 /* Multi Tip Calculator */,
				721FAA5121FCDA0A007845B8 /* Multi Tip CalculatorTests */,
				721FAA5C21FCDA0A007845B8 /* Multi Tip CalculatorUITests */,
			);
		};
/* End PBXProject section */

/* Begin PBXResourcesBuildPhase section */
		721FAA3C21FCDA09007845B8 /* Resources */ = {
			isa = PBXResourcesBuildPhase;
			buildActionMask = 2147483647;
			files = (
				721FAA4C21FCDA09007845B8 /* LaunchScreen.storyboard in Resources */,
				721FAA4921FCDA09007845B8 /* Assets.xcassets in Resources */,
				721FAA4721FCDA09007845B8 /* Main.storyboard in Resources */,
			);
			runOnlyForDeploymentPostprocessing = 0;
		};
		721FAA5021FCDA0A007845B8 /* Resources */ = {
			isa = PBXResourcesBuildPhase;
			buildActionMask = 2147483647;
			files = (
			);
			runOnlyForDeploymentPostprocessing = 0;
		};
		721FAA5B21FCDA0A007845B8 /* Resources */ = {
			isa = PBXResourcesBuildPhase;
			buildActionMask = 2147483647;
			files = (
			);
			runOnlyForDeploymentPostprocessing = 0;
		};
/* End PBXResourcesBuildPhase section */

/* Begin PBXSourcesBuildPhase section */
		721FAA3A21FCDA09007845B8 /* Sources */ = {
			isa = PBXSourcesBuildPhase;
			buildActionMask = 2147483647;
			files = (
				721FAA4421FCDA09007845B8 /* ViewController.swift in Sources */,
				721FAA4221FCDA09007845B8 /* AppDelegate.swift in Sources */,
				72EF3A6821FEBAD800B5A5F8 /* SettingsViewController.swift in Sources */,
			);
			runOnlyForDeploymentPostprocessing = 0;
		};
		721FAA4E21FCDA0A007845B8 /* Sources */ = {
			isa = PBXSourcesBuildPhase;
			buildActionMask = 2147483647;
			files = (
				721FAA5721FCDA0A007845B8 /* Multi_Tip_CalculatorTests.swift in Sources */,
			);
			runOnlyForDeploymentPostprocessing = 0;
		};
		721FAA5921FCDA0A007845B8 /* Sources */ = {
			isa = PBXSourcesBuildPhase;
			buildActionMask = 2147483647;
			files = (
				721FAA6221FCDA0A007845B8 /* Multi_Tip_CalculatorUITests.swift in Sources */,
			);
			runOnlyForDeploymentPostprocessing = 0;
		};
/* End PBXSourcesBuildPhase section */

/* Begin PBXTargetDependency section */
		721FAA5421FCDA0A007845B8 /* PBXTargetDependency */ = {
			isa = PBXTargetDependency;
			target = 721FAA3D21FCDA09007845B8 /* Multi Tip Calculator */;
			targetProxy = 721FAA5321FCDA0A007845B8 /* PBXContainerItemProxy */;
		};
		721FAA5F21FCDA0A007845B8 /* PBXTargetDependency */ = {
			isa = PBXTargetDependency;
			target = 721FAA3D21FCDA09007845B8 /* Multi Tip Calculator */;
			targetProxy = 721FAA5E21FCDA0A007845B8 /* PBXContainerItemProxy */;
		};
/* End PBXTargetDependency section */

/* Begin PBXVariantGroup section */
		721FAA4521FCDA09007845B8 /* Main.storyboard */ = {
			isa = PBXVariantGroup;
			children = (
				721FAA4621FCDA09007845B8 /* Base */,
			);
			name = Main.storyboard;
			sourceTree = "<group>";
		};
		721FAA4A21FCDA09007845B8 /* LaunchScreen.storyboard */ = {
			isa = PBXVariantGroup;
			children = (
				721FAA4B21FCDA09007845B8 /* Base */,
			);
			name = LaunchScreen.storyboard;
			sourceTree = "<group>";
		};
/* End PBXVariantGroup section */

/* Begin XCBuildConfiguration section */
		721FAA6421FCDA0A007845B8 /* Debug */ = {
			isa = XCBuildConfiguration;
			buildSettings = {
				ALWAYS_SEARCH_USER_PATHS = NO;
				CLANG_ANALYZER_NONNULL = YES;
				CLANG_ANALYZER_NUMBER_OBJECT_CONVERSION = YES_AGGRESSIVE;
				CLANG_CXX_LANGUAGE_STANDARD = "gnu++14";
				CLANG_CXX_LIBRARY = "libc++";
				CLANG_ENABLE_MODULES = YES;
				CLANG_ENABLE_OBJC_ARC = YES;
				CLANG_WARN_BLOCK_CAPTURE_AUTORELEASING = YES;
				CLANG_WARN_BOOL_CONVERSION = YES;
				CLANG_WARN_COMMA = YES;
				CLANG_WARN_CONSTANT_CONVERSION = YES;
				CLANG_WARN_DIRECT_OBJC_ISA_USAGE = YES_ERROR;
				CLANG_WARN_DOCUMENTATION_COMMENTS = YES;
				CLANG_WARN_EMPTY_BODY = YES;
				CLANG_WARN_ENUM_CONVERSION = YES;
				CLANG_WARN_INFINITE_RECURSION = YES;
				CLANG_WARN_INT_CONVERSION = YES;
				CLANG_WARN_NON_LITERAL_NULL_CONVERSION = YES;
				CLANG_WARN_OBJC_LITERAL_CONVERSION = YES;
				CLANG_WARN_OBJC_ROOT_CLASS = YES_ERROR;
				CLANG_WARN_RANGE_LOOP_ANALYSIS = YES;
				CLANG_WARN_STRICT_PROTOTYPES = YES;
				CLANG_WARN_SUSPICIOUS_MOVE = YES;
				CLANG_WARN_UNGUARDED_AVAILABILITY = YES_AGGRESSIVE;
				CLANG_WARN_UNREACHABLE_CODE = YES;
				CLANG_WARN__DUPLICATE_METHOD_MATCH = YES;
				CODE_SIGN_IDENTITY = "iPhone Developer";
				COPY_PHASE_STRIP = NO;
				DEBUG_INFORMATION_FORMAT = dwarf;
				ENABLE_STRICT_OBJC_MSGSEND = YES;
				ENABLE_TESTABILITY = YES;
				GCC_C_LANGUAGE_STANDARD = gnu11;
				GCC_DYNAMIC_NO_PIC = NO;
				GCC_NO_COMMON_BLOCKS = YES;
				GCC_OPTIMIZATION_LEVEL = 0;
				GCC_PREPROCESSOR_DEFINITIONS = (
					"DEBUG=1",
					"$(inherited)",
				);
				GCC_WARN_64_TO_32_BIT_CONVERSION = YES;
				GCC_WARN_ABOUT_RETURN_TYPE = YES_ERROR;
				GCC_WARN_UNDECLARED_SELECTOR = YES;
				GCC_WARN_UNINITIALIZED_AUTOS = YES_AGGRESSIVE;
				GCC_WARN_UNUSED_FUNCTION = YES;
				GCC_WARN_UNUSED_VARIABLE = YES;
				IPHONEOS_DEPLOYMENT_TARGET = 11.2;
				MTL_ENABLE_DEBUG_INFO = YES;
				ONLY_ACTIVE_ARCH = YES;
				SDKROOT = iphoneos;
				SWIFT_ACTIVE_COMPILATION_CONDITIONS = DEBUG;
				SWIFT_OPTIMIZATION_LEVEL = "-Onone";
			};
			name = Debug;
		};
		721FAA6521FCDA0A007845B8 /* Release */ = {
			isa = XCBuildConfiguration;
			buildSettings = {
				ALWAYS_SEARCH_USER_PATHS = NO;
				CLANG_ANALYZER_NONNULL = YES;
				CLANG_ANALYZER_NUMBER_OBJECT_CONVERSION = YES_AGGRESSIVE;
				CLANG_CXX_LANGUAGE_STANDARD = "gnu++14";
				CLANG_CXX_LIBRARY = "libc++";
				CLANG_ENABLE_MODULES = YES;
				CLANG_ENABLE_OBJC_ARC = YES;
				CLANG_WARN_BLOCK_CAPTURE_AUTORELEASING = YES;
				CLANG_WARN_BOOL_CONVERSION = YES;
				CLANG_WARN_COMMA = YES;
				CLANG_WARN_CONSTANT_CONVERSION = YES;
				CLANG_WARN_DIRECT_OBJC_ISA_USAGE = YES_ERROR;
				CLANG_WARN_DOCUMENTATION_COMMENTS = YES;
				CLANG_WARN_EMPTY_BODY = YES;
				CLANG_WARN_ENUM_CONVERSION = YES;
				CLANG_WARN_INFINITE_RECURSION = YES;
				CLANG_WARN_INT_CONVERSION = YES;
				CLANG_WARN_NON_LITERAL_NULL_CONVERSION = YES;
				CLANG_WARN_OBJC_LITERAL_CONVERSION = YES;
				CLANG_WARN_OBJC_ROOT_CLASS = YES_ERROR;
				CLANG_WARN_RANGE_LOOP_ANALYSIS = YES;
				CLANG_WARN_STRICT_PROTOTYPES = YES;
				CLANG_WARN_SUSPICIOUS_MOVE = YES;
				CLANG_WARN_UNGUARDED_AVAILABILITY = YES_AGGRESSIVE;
				CLANG_WARN_UNREACHABLE_CODE = YES;
				CLANG_WARN__DUPLICATE_METHOD_MATCH = YES;
				CODE_SIGN_IDENTITY = "iPhone Developer";
				COPY_PHASE_STRIP = NO;
				DEBUG_INFORMATION_FORMAT = "dwarf-with-dsym";
				ENABLE_NS_ASSERTIONS = NO;
				ENABLE_STRICT_OBJC_MSGSEND = YES;
				GCC_C_LANGUAGE_STANDARD = gnu11;
				GCC_NO_COMMON_BLOCKS = YES;
				GCC_WARN_64_TO_32_BIT_CONVERSION = YES;
				GCC_WARN_ABOUT_RETURN_TYPE = YES_ERROR;
				GCC_WARN_UNDECLARED_SELECTOR = YES;
				GCC_WARN_UNINITIALIZED_AUTOS = YES_AGGRESSIVE;
				GCC_WARN_UNUSED_FUNCTION = YES;
				GCC_WARN_UNUSED_VARIABLE = YES;
				IPHONEOS_DEPLOYMENT_TARGET = 11.2;
				MTL_ENABLE_DEBUG_INFO = NO;
				SDKROOT = iphoneos;
				SWIFT_OPTIMIZATION_LEVEL = "-Owholemodule";
				VALIDATE_PRODUCT = YES;
			};
			name = Release;
		};
		721FAA6721FCDA0A007845B8 /* Debug */ = {
			isa = XCBuildConfiguration;
			buildSettings = {
				ASSETCATALOG_COMPILER_APPICON_NAME = AppIcon;
				CODE_SIGN_STYLE = Automatic;
				INFOPLIST_FILE = "Multi Tip Calculator/Info.plist";
				LD_RUNPATH_SEARCH_PATHS = "$(inherited) @executable_path/Frameworks";
				PRODUCT_BUNDLE_IDENTIFIER = "com.Ariel.Multi-Tip-Calculator";
				PRODUCT_NAME = "$(TARGET_NAME)";
				SWIFT_VERSION = 4.0;
				TARGETED_DEVICE_FAMILY = "1,2";
			};
			name = Debug;
		};
		721FAA6821FCDA0A007845B8 /* Release */ = {
			isa = XCBuildConfiguration;
			buildSettings = {
				ASSETCATALOG_COMPILER_APPICON_NAME = AppIcon;
				CODE_SIGN_STYLE = Automatic;
				INFOPLIST_FILE = "Multi Tip Calculator/Info.plist";
				LD_RUNPATH_SEARCH_PATHS = "$(inherited) @executable_path/Frameworks";
				PRODUCT_BUNDLE_IDENTIFIER = "com.Ariel.Multi-Tip-Calculator";
				PRODUCT_NAME = "$(TARGET_NAME)";
				SWIFT_VERSION = 4.0;
				TARGETED_DEVICE_FAMILY = "1,2";
			};
			name = Release;
		};
		721FAA6A21FCDA0A007845B8 /* Debug */ = {
			isa = XCBuildConfiguration;
			buildSettings = {
				ALWAYS_EMBED_SWIFT_STANDARD_LIBRARIES = YES;
				BUNDLE_LOADER = "$(TEST_HOST)";
				CODE_SIGN_STYLE = Automatic;
				INFOPLIST_FILE = "Multi Tip CalculatorTests/Info.plist";
				LD_RUNPATH_SEARCH_PATHS = "$(inherited) @executable_path/Frameworks @loader_path/Frameworks";
				PRODUCT_BUNDLE_IDENTIFIER = "com.Ariel.Multi-Tip-CalculatorTests";
				PRODUCT_NAME = "$(TARGET_NAME)";
				SWIFT_VERSION = 4.0;
				TARGETED_DEVICE_FAMILY = "1,2";
				TEST_HOST = "$(BUILT_PRODUCTS_DIR)/Multi Tip Calculator.app/Multi Tip Calculator";
			};
			name = Debug;
		};
		721FAA6B21FCDA0A007845B8 /* Release */ = {
			isa = XCBuildConfiguration;
			buildSettings = {
				ALWAYS_EMBED_SWIFT_STANDARD_LIBRARIES = YES;
				BUNDLE_LOADER = "$(TEST_HOST)";
				CODE_SIGN_STYLE = Automatic;
				INFOPLIST_FILE = "Multi Tip CalculatorTests/Info.plist";
				LD_RUNPATH_SEARCH_PATHS = "$(inherited) @executable_path/Frameworks @loader_path/Frameworks";
				PRODUCT_BUNDLE_IDENTIFIER = "com.Ariel.Multi-Tip-CalculatorTests";
				PRODUCT_NAME = "$(TARGET_NAME)";
				SWIFT_VERSION = 4.0;
				TARGETED_DEVICE_FAMILY = "1,2";
				TEST_HOST = "$(BUILT_PRODUCTS_DIR)/Multi Tip Calculator.app/Multi Tip Calculator";
			};
			name = Release;
		};
		721FAA6D21FCDA0A007845B8 /* Debug */ = {
			isa = XCBuildConfiguration;
			buildSettings = {
				ALWAYS_EMBED_SWIFT_STANDARD_LIBRARIES = YES;
				CODE_SIGN_STYLE = Automatic;
				INFOPLIST_FILE = "Multi Tip CalculatorUITests/Info.plist";
				LD_RUNPATH_SEARCH_PATHS = "$(inherited) @executable_path/Frameworks @loader_path/Frameworks";
				PRODUCT_BUNDLE_IDENTIFIER = "com.Ariel.Multi-Tip-CalculatorUITests";
				PRODUCT_NAME = "$(TARGET_NAME)";
				SWIFT_VERSION = 4.0;
				TARGETED_DEVICE_FAMILY = "1,2";
				TEST_TARGET_NAME = "Multi Tip Calculator";
			};
			name = Debug;
		};
		721FAA6E21FCDA0A007845B8 /* Release */ = {
			isa = XCBuildConfiguration;
			buildSettings = {
				ALWAYS_EMBED_SWIFT_STANDARD_LIBRARIES = YES;
				CODE_SIGN_STYLE = Automatic;
				INFOPLIST_FILE = "Multi Tip CalculatorUITests/Info.plist";
				LD_RUNPATH_SEARCH_PATHS = "$(inherited) @executable_path/Frameworks @loader_path/Frameworks";
				PRODUCT_BUNDLE_IDENTIFIER = "com.Ariel.Multi-Tip-CalculatorUITests";
				PRODUCT_NAME = "$(TARGET_NAME)";
				SWIFT_VERSION = 4.0;
				TARGETED_DEVICE_FAMILY = "1,2";
				TEST_TARGET_NAME = "Multi Tip Calculator";
			};
			name = Release;
		};
/* End XCBuildConfiguration section */

/* Begin XCConfigurationList section */
		721FAA3921FCDA09007845B8 /* Build configuration list for PBXProject "Multi Tip Calculator" */ = {
			isa = XCConfigurationList;
			buildConfigurations = (
				721FAA6421FCDA0A007845B8 /* Debug */,
				721FAA6521FCDA0A007845B8 /* Release */,
			);
			defaultConfigurationIsVisible = 0;
			defaultConfigurationName = Release;
		};
		721FAA6621FCDA0A007845B8 /* Build configuration list for PBXNativeTarget "Multi Tip Calculator" */ = {
			isa = XCConfigurationList;
			buildConfigurations = (
				721FAA6721FCDA0A007845B8 /* Debug */,
				721FAA6821FCDA0A007845B8 /* Release */,
			);
			defaultConfigurationIsVisible = 0;
			defaultConfigurationName = Release;
		};
		721FAA6921FCDA0A007845B8 /* Build configuration list for PBXNativeTarget "Multi Tip CalculatorTests" */ = {
			isa = XCConfigurationList;
			buildConfigurations = (
				721FAA6A21FCDA0A007845B8 /* Debug */,
				721FAA6B21FCDA0A007845B8 /* Release */,
			);
			defaultConfigurationIsVisible = 0;
			defaultConfigurationName = Release;
		};
		721FAA6C21FCDA0A007845B8 /* Build configuration list for PBXNativeTarget "Multi Tip CalculatorUITests" */ = {
			isa = XCConfigurationList;
			buildConfigurations = (
				721FAA6D21FCDA0A007845B8 /* Debug */,
				721FAA6E21FCDA0A007845B8 /* Release */,
			);
			defaultConfigurationIsVisible = 0;
			defaultConfigurationName = Release;
		};
/* End XCConfigurationList section */
	};
	rootObject = 721FAA3621FCDA09007845B8 /* Project object */;
}
